
Microsoft Visual Studio Solution File, Format Version 12.00
# Visual Studio 14
VisualStudioVersion = 14.0.25420.1
MinimumVisualStudioVersion = 10.0.40219.1
Project("{FAE04EC0-301F-11D3-BF4B-00C04F79EFBC}") = "AdoHelper", "AdoHelper\AdoHelper.csproj", "{44BD43EB-B1E3-499C-AB7B-6F603CAE0103}"
EndProject
Global
	GlobalSection(SolutionConfigurationPlatforms) = preSolution
		Debug|Any CPU = Debug|Any CPU
		Release|Any CPU = Release|Any CPU
	EndGlobalSection
	GlobalSection(ProjectConfigurationPlatforms) = postSolution
		{44BD43EB-B1E3-499C-AB7B-6F603CAE0103}.Debug|Any CPU.ActiveCfg = Debug|Any CPU
		{44BD43EB-B1E3-499C-AB7B-6F603CAE0103}.Debug|Any CPU.Build.0 = Debug|Any CPU
		{44BD43EB-B1E3-499C-AB7B-6F603CAE0103}.Release|Any CPU.ActiveCfg = Release|Any CPU
		{44BD43EB-B1E3-499C-AB7B-6F603CAE0103}.Release|Any CPU.Build.0 = Release|Any CPU
	EndGlobalSection
	GlobalSection(SolutionProperties) = preSolution
		HideSolutionNode = FALSE
	EndGlobalSection
EndGlobal
